
Microsoft Visual Studio Solution File, Format Version 12.00
# Visual Studio Version 17
VisualStudioVersion = 17.4.33213.308
MinimumVisualStudioVersion = 10.0.40219.1
Project("{FAE04EC0-301F-11D3-BF4B-00C04F79EFBC}") = "01_connected mode", "01_connected mode\01_connected mode.csproj", "{5B75BDF5-3409-4F07-B6A4-11EDCB42EBD5}"
EndProject
Project("{FAE04EC0-301F-11D3-BF4B-00C04F79EFBC}") = "02_params", "02_params\02_params.csproj", "{A1A4C1F4-F05F-40C4-ACBA-13142675364B}"
EndProject
Global
	GlobalSection(SolutionConfigurationPlatforms) = preSolution
		Debug|Any CPU = Debug|Any CPU
		Release|Any CPU = Release|Any CPU
	EndGlobalSection
	GlobalSection(ProjectConfigurationPlatforms) = postSolution
		{5B75BDF5-3409-4F07-B6A4-11EDCB42EBD5}.Debug|Any CPU.ActiveCfg = Debug|Any CPU
		{5B75BDF5-3409-4F07-B6A4-11EDCB42EBD5}.Debug|Any CPU.Build.0 = Debug|Any CPU
		{5B75BDF5-3409-4F07-B6A4-11EDCB42EBD5}.Release|Any CPU.ActiveCfg = Release|Any CPU
		{5B75BDF5-3409-4F07-B6A4-11EDCB42EBD5}.Release|Any CPU.Build.0 = Release|Any CPU
		{A1A4C1F4-F05F-40C4-ACBA-13142675364B}.Debug|Any CPU.ActiveCfg = Debug|Any CPU
		{A1A4C1F4-F05F-40C4-ACBA-13142675364B}.Debug|Any CPU.Build.0 = Debug|Any CPU
		{A1A4C1F4-F05F-40C4-ACBA-13142675364B}.Release|Any CPU.ActiveCfg = Release|Any CPU
		{A1A4C1F4-F05F-40C4-ACBA-13142675364B}.Release|Any CPU.Build.0 = Release|Any CPU
	EndGlobalSection
	GlobalSection(SolutionProperties) = preSolution
		HideSolutionNode = FALSE
	EndGlobalSection
	GlobalSection(ExtensibilityGlobals) = postSolution
		SolutionGuid = {4F7A6C4C-6378-4D0D-907F-C88641574A31}
	EndGlobalSection
EndGlobal
